
Microsoft Visual Studio Solution File, Format Version 12.00
Project("{FAE04EC0-301F-11D3-BF4B-00C04F79EFBC}") = "Template.Core", "Template.Core\Template.Core.csproj", "{00C5092F-74D6-4B54-BA99-F3CE5DA45E1E}"
EndProject
Project("{FAE04EC0-301F-11D3-BF4B-00C04F79EFBC}") = "Template.Infrastructure", "Template.Infrastructure\Template.Infrastructure.csproj", "{0678B53A-824A-475E-8032-78E5EC1A063C}"
EndProject
Project("{FAE04EC0-301F-11D3-BF4B-00C04F79EFBC}") = "Template.Api", "Template.Api\Template.Api.csproj", "{0E8FAD3F-BD5E-43AD-89DC-1A5702A6D3B0}"
EndProject
Global
	GlobalSection(SolutionConfigurationPlatforms) = preSolution
		Debug|Any CPU = Debug|Any CPU
		Release|Any CPU = Release|Any CPU
	EndGlobalSection
	GlobalSection(ProjectConfigurationPlatforms) = postSolution
		{00C5092F-74D6-4B54-BA99-F3CE5DA45E1E}.Debug|Any CPU.ActiveCfg = Debug|Any CPU
		{00C5092F-74D6-4B54-BA99-F3CE5DA45E1E}.Debug|Any CPU.Build.0 = Debug|Any CPU
		{00C5092F-74D6-4B54-BA99-F3CE5DA45E1E}.Release|Any CPU.ActiveCfg = Release|Any CPU
		{00C5092F-74D6-4B54-BA99-F3CE5DA45E1E}.Release|Any CPU.Build.0 = Release|Any CPU
		{0678B53A-824A-475E-8032-78E5EC1A063C}.Debug|Any CPU.ActiveCfg = Debug|Any CPU
		{0678B53A-824A-475E-8032-78E5EC1A063C}.Debug|Any CPU.Build.0 = Debug|Any CPU
		{0678B53A-824A-475E-8032-78E5EC1A063C}.Release|Any CPU.ActiveCfg = Release|Any CPU
		{0678B53A-824A-475E-8032-78E5EC1A063C}.Release|Any CPU.Build.0 = Release|Any CPU
		{0E8FAD3F-BD5E-43AD-89DC-1A5702A6D3B0}.Debug|Any CPU.ActiveCfg = Debug|Any CPU
		{0E8FAD3F-BD5E-43AD-89DC-1A5702A6D3B0}.Debug|Any CPU.Build.0 = Debug|Any CPU
		{0E8FAD3F-BD5E-43AD-89DC-1A5702A6D3B0}.Release|Any CPU.ActiveCfg = Release|Any CPU
		{0E8FAD3F-BD5E-43AD-89DC-1A5702A6D3B0}.Release|Any CPU.Build.0 = Release|Any CPU
	EndGlobalSection
EndGlobal
